// !$*UTF8*$!
{
	archiveVersion = 1;
	classes = {
	};
	objectVersion = 56;
	objects = {

/* Begin PBXBuildFile section */
		15E600832964562200FBC401 /* PdfReaderApp.swift in Sources */ = {isa = PBXBuildFile; fileRef = 15E600822964562200FBC401 /* PdfReaderApp.swift */; };
		15E600852964562200FBC401 /* ContentView.swift in Sources */ = {isa = PBXBuildFile; fileRef = 15E600842964562200FBC401 /* ContentView.swift */; };
		15E600872964562300FBC401 /* Assets.xcassets in Resources */ = {isa = PBXBuildFile; fileRef = 15E600862964562300FBC401 /* Assets.xcassets */; };
		15E6008A2964562300FBC401 /* Preview Assets.xcassets in Resources */ = {isa = PBXBuildFile; fileRef = 15E600892964562300FBC401 /* Preview Assets.xcassets */; };
		15E600942964562300FBC401 /* PdfReaderTests.swift in Sources */ = {isa = PBXBuildFile; fileRef = 15E600932964562300FBC401 /* PdfReaderTests.swift */; };
		15E6009E2964562300FBC401 /* PdfReaderUITests.swift in Sources */ = {isa = PBXBuildFile; fileRef = 15E6009D2964562300FBC401 /* PdfReaderUITests.swift */; };
		15E600A02964562300FBC401 /* PdfReaderUITestsLaunchTests.swift in Sources */ = {isa = PBXBuildFile; fileRef = 15E6009F2964562300FBC401 /* PdfReaderUITestsLaunchTests.swift */; };
		15E600AF2964599200FBC401 /* SwiftPDFView.swift in Sources */ = {isa = PBXBuildFile; fileRef = 15E600AE2964599200FBC401 /* SwiftPDFView.swift */; };
		15E600B129645BC900FBC401 /* sample_pdf.pdf in Resources */ = {isa = PBXBuildFile; fileRef = 15E600B029645BC900FBC401 /* sample_pdf.pdf */; };
/* End PBXBuildFile section */

/* Begin PBXContainerItemProxy section */
		15E600902964562300FBC401 /* PBXContainerItemProxy */ = {
			isa = PBXContainerItemProxy;
			containerPortal = 15E600772964562200FBC401 /* Project object */;
			proxyType = 1;
			remoteGlobalIDString = 15E6007E2964562200FBC401;
			remoteInfo = PdfReader;
		};
		15E6009A2964562300FBC401 /* PBXContainerItemProxy */ = {
			isa = PBXContainerItemProxy;
			containerPortal = 15E600772964562200FBC401 /* Project object */;
			proxyType = 1;
			remoteGlobalIDString = 15E6007E2964562200FBC401;
			remoteInfo = PdfReader;
		};
/* End PBXContainerItemProxy section */

/* Begin PBXFileReference section */
		15E6007F2964562200FBC401 /* PdfReader.app */ = {isa = PBXFileReference; explicitFileType = wrapper.application; includeInIndex = 0; path = PdfReader.app; sourceTree = BUILT_PRODUCTS_DIR; };
		15E600822964562200FBC401 /* PdfReaderApp.swift */ = {isa = PBXFileReference; lastKnownFileType = sourcecode.swift; path = PdfReaderApp.swift; sourceTree = "<group>"; };
		15E600842964562200FBC401 /* ContentView.swift */ = {isa = PBXFileReference; lastKnownFileType = sourcecode.swift; path = ContentView.swift; sourceTree = "<group>"; };
		15E600862964562300FBC401 /* Assets.xcassets */ = {isa = PBXFileReference; lastKnownFileType = folder.assetcatalog; path = Assets.xcassets; sourceTree = "<group>"; };
		15E600892964562300FBC401 /* Preview Assets.xcassets */ = {isa = PBXFileReference; lastKnownFileType = folder.assetcatalog; path = "Preview Assets.xcassets"; sourceTree = "<group>"; };
		15E6008F2964562300FBC401 /* PdfReaderTests.xctest */ = {isa = PBXFileReference; explicitFileType = wrapper.cfbundle; includeInIndex = 0; path = PdfReaderTests.xctest; sourceTree = BUILT_PRODUCTS_DIR; };
		15E600932964562300FBC401 /* PdfReaderTests.swift */ = {isa = PBXFileReference; lastKnownFileType = sourcecode.swift; path = PdfReaderTests.swift; sourceTree = "<group>"; };
		15E600992964562300FBC401 /* PdfReaderUITests.xctest */ = {isa = PBXFileReference; explicitFileType = wrapper.cfbundle; includeInIndex = 0; path = PdfReaderUITests.xctest; sourceTree = BUILT_PRODUCTS_DIR; };
		15E6009D2964562300FBC401 /* PdfReaderUITests.swift */ = {isa = PBXFileReference; lastKnownFileType = sourcecode.swift; path = PdfReaderUITests.swift; sourceTree = "<group>"; };
		15E6009F2964562300FBC401 /* PdfReaderUITestsLaunchTests.swift */ = {isa = PBXFileReference; lastKnownFileType = sourcecode.swift; path = PdfReaderUITestsLaunchTests.swift; sourceTree = "<group>"; };
		15E600AE2964599200FBC401 /* SwiftPDFView.swift */ = {isa = PBXFileReference; lastKnownFileType = sourcecode.swift; path = SwiftPDFView.swift; sourceTree = "<group>"; };
		15E600B029645BC900FBC401 /* sample_pdf.pdf */ = {isa = PBXFileReference; lastKnownFileType = image.pdf; path = sample_pdf.pdf; sourceTree = "<group>"; };
/* End PBXFileReference section */

/* Begin PBXFrameworksBuildPhase section */
		15E6007C2964562200FBC401 /* Frameworks */ = {
			isa = PBXFrameworksBuildPhase;
			buildActionMask = 2147483647;
			files = (
			);
			runOnlyForDeploymentPostprocessing = 0;
		};
		15E6008C2964562300FBC401 /* Frameworks */ = {
			isa = PBXFrameworksBuildPhase;
			buildActionMask = 2147483647;
			files = (
			);
			runOnlyForDeploymentPostprocessing = 0;
		};
		15E600962964562300FBC401 /* Frameworks */ = {
			isa = PBXFrameworksBuildPhase;
			buildActionMask = 2147483647;
			files = (
			);
			runOnlyForDeploymentPostprocessing = 0;
		};
/* End PBXFrameworksBuildPhase section */

/* Begin PBXGroup section */
		15E600762964562200FBC401 = {
			isa = PBXGroup;
			children = (
				15E600812964562200FBC401 /* PdfReader */,
				15E600922964562300FBC401 /* PdfReaderTests */,
				15E6009C2964562300FBC401 /* PdfReaderUITests */,
				15E600802964562200FBC401 /* Products */,
			);
			sourceTree = "<group>";
		};
		15E600802964562200FBC401 /* Products */ = {
			isa = PBXGroup;
			children = (
				15E6007F2964562200FBC401 /* PdfReader.app */,
				15E6008F2964562300FBC401 /* PdfReaderTests.xctest */,
				15E600992964562300FBC401 /* PdfReaderUITests.xctest */,
			);
			name = Products;
			sourceTree = "<group>";
		};
		15E600812964562200FBC401 /* PdfReader */ = {
			isa = PBXGroup;
			children = (
				15E600AE2964599200FBC401 /* SwiftPDFView.swift */,
				15E600822964562200FBC401 /* PdfReaderApp.swift */,
				15E600842964562200FBC401 /* ContentView.swift */,
				15E600B029645BC900FBC401 /* sample_pdf.pdf */,
				15E600862964562300FBC401 /* Assets.xcassets */,
				15E600882964562300FBC401 /* Preview Content */,
			);
			path = PdfReader;
			sourceTree = "<group>";
		};
		15E600882964562300FBC401 /* Preview Content */ = {
			isa = PBXGroup;
			children = (
				15E600892964562300FBC401 /* Preview Assets.xcassets */,
			);
			path = "Preview Content";
			sourceTree = "<group>";
		};
		15E600922964562300FBC401 /* PdfReaderTests */ = {
			isa = PBXGroup;
			children = (
				15E600932964562300FBC401 /* PdfReaderTests.swift */,
			);
			path = PdfReaderTests;
			sourceTree = "<group>";
		};
		15E6009C2964562300FBC401 /* PdfReaderUITests */ = {
			isa = PBXGroup;
			children = (
				15E6009D2964562300FBC401 /* PdfReaderUITests.swift */,
				15E6009F2964562300FBC401 /* PdfReaderUITestsLaunchTests.swift */,
			);
			path = PdfReaderUITests;
			sourceTree = "<group>";
		};
/* End PBXGroup section */

/* Begin PBXNativeTarget section */
		15E6007E2964562200FBC401 /* PdfReader */ = {
			isa = PBXNativeTarget;
			buildConfigurationList = 15E600A32964562300FBC401 /* Build configuration list for PBXNativeTarget "PdfReader" */;
			buildPhases = (
				15E6007B2964562200FBC401 /* Sources */,
				15E6007C2964562200FBC401 /* Frameworks */,
				15E6007D2964562200FBC401 /* Resources */,
			);
			buildRules = (
			);
			dependencies = (
			);
			name = PdfReader;
			productName = PdfReader;
			productReference = 15E6007F2964562200FBC401 /* PdfReader.app */;
			productType = "com.apple.product-type.application";
		};
		15E6008E2964562300FBC401 /* PdfReaderTests */ = {
			isa = PBXNativeTarget;
			buildConfigurationList = 15E600A62964562300FBC401 /* Build configuration list for PBXNativeTarget "PdfReaderTests" */;
			buildPhases = (
				15E6008B2964562300FBC401 /* Sources */,
				15E6008C2964562300FBC401 /* Frameworks */,
				15E6008D2964562300FBC401 /* Resources */,
			);
			buildRules = (
			);
			dependencies = (
				15E600912964562300FBC401 /* PBXTargetDependency */,
			);
			name = PdfReaderTests;
			productName = PdfReaderTests;
			productReference = 15E6008F2964562300FBC401 /* PdfReaderTests.xctest */;
			productType = "com.apple.product-type.bundle.unit-test";
		};
		15E600982964562300FBC401 /* PdfReaderUITests */ = {
			isa = PBXNativeTarget;
			buildConfigurationList = 15E600A92964562300FBC401 /* Build configuration list for PBXNativeTarget "PdfReaderUITests" */;
			buildPhases = (
				15E600952964562300FBC401 /* Sources */,
				15E600962964562300FBC401 /* Frameworks */,
				15E600972964562300FBC401 /* Resources */,
			);
			buildRules = (
			);
			dependencies = (
				15E6009B2964562300FBC401 /* PBXTargetDependency */,
			);
			name = PdfReaderUITests;
			productName = PdfReaderUITests;
			productReference = 15E600992964562300FBC401 /* PdfReaderUITests.xctest */;
			productType = "com.apple.product-type.bundle.ui-testing";
		};
/* End PBXNativeTarget section */

/* Begin PBXProject section */
		15E600772964562200FBC401 /* Project object */ = {
			isa = PBXProject;
			attributes = {
				BuildIndependentTargetsInParallel = 1;
				LastSwiftUpdateCheck = 1420;
				LastUpgradeCheck = 1420;
				TargetAttributes = {
					15E6007E2964562200FBC401 = {
						CreatedOnToolsVersion = 14.2;
					};
					15E6008E2964562300FBC401 = {
						CreatedOnToolsVersion = 14.2;
						TestTargetID = 15E6007E2964562200FBC401;
					};
					15E600982964562300FBC401 = {
						CreatedOnToolsVersion = 14.2;
						TestTargetID = 15E6007E2964562200FBC401;
					};
				};
			};
			buildConfigurationList = 15E6007A2964562200FBC401 /* Build configuration list for PBXProject "PdfReader" */;
			compatibilityVersion = "Xcode 14.0";
			developmentRegion = en;
			hasScannedForEncodings = 0;
			knownRegions = (
				en,
				Base,
			);
			mainGroup = 15E600762964562200FBC401;
			productRefGroup = 15E600802964562200FBC401 /* Products */;
			projectDirPath = "";
			projectRoot = "";
			targets = (
				15E6007E2964562200FBC401 /* PdfReader */,
				15E6008E2964562300FBC401 /* PdfReaderTests */,
				15E600982964562300FBC401 /* PdfReaderUITests */,
			);
		};
/* End PBXProject section */

/* Begin PBXResourcesBuildPhase section */
		15E6007D2964562200FBC401 /* Resources */ = {
			isa = PBXResourcesBuildPhase;
			buildActionMask = 2147483647;
			files = (
				15E600B129645BC900FBC401 /* sample_pdf.pdf in Resources */,
				15E6008A2964562300FBC401 /* Preview Assets.xcassets in Resources */,
				15E600872964562300FBC401 /* Assets.xcassets in Resources */,
			);
			runOnlyForDeploymentPostprocessing = 0;
		};
		15E6008D2964562300FBC401 /* Resources */ = {
			isa = PBXResourcesBuildPhase;
			buildActionMask = 2147483647;
			files = (
			);
			runOnlyForDeploymentPostprocessing = 0;
		};
		15E600972964562300FBC401 /* Resources */ = {
			isa = PBXResourcesBuildPhase;
			buildActionMask = 2147483647;
			files = (
			);
			runOnlyForDeploymentPostprocessing = 0;
		};
/* End PBXResourcesBuildPhase section */

/* Begin PBXSourcesBuildPhase section */
		15E6007B2964562200FBC401 /* Sources */ = {
			isa = PBXSourcesBuildPhase;
			buildActionMask = 2147483647;
			files = (
				15E600AF2964599200FBC401 /* SwiftPDFView.swift in Sources */,
				15E600852964562200FBC401 /* ContentView.swift in Sources */,
				15E600832964562200FBC401 /* PdfReaderApp.swift in Sources */,
			);
			runOnlyForDeploymentPostprocessing = 0;
		};
		15E6008B2964562300FBC401 /* Sources */ = {
			isa = PBXSourcesBuildPhase;
			buildActionMask = 2147483647;
			files = (
				15E600942964562300FBC401 /* PdfReaderTests.swift in Sources */,
			);
			runOnlyForDeploymentPostprocessing = 0;
		};
		15E600952964562300FBC401 /* Sources */ = {
			isa = PBXSourcesBuildPhase;
			buildActionMask = 2147483647;
			files = (
				15E600A02964562300FBC401 /* PdfReaderUITestsLaunchTests.swift in Sources */,
				15E6009E2964562300FBC401 /* PdfReaderUITests.swift in Sources */,
			);
			runOnlyForDeploymentPostprocessing = 0;
		};
/* End PBXSourcesBuildPhase section */

/* Begin PBXTargetDependency section */
		15E600912964562300FBC401 /* PBXTargetDependency */ = {
			isa = PBXTargetDependency;
			target = 15E6007E2964562200FBC401 /* PdfReader */;
			targetProxy = 15E600902964562300FBC401 /* PBXContainerItemProxy */;
		};
		15E6009B2964562300FBC401 /* PBXTargetDependency */ = {
			isa = PBXTargetDependency;
			target = 15E6007E2964562200FBC401 /* PdfReader */;
			targetProxy = 15E6009A2964562300FBC401 /* PBXContainerItemProxy */;
		};
/* End PBXTargetDependency section */

/* Begin XCBuildConfiguration section */
		15E600A12964562300FBC401 /* Debug */ = {
			isa = XCBuildConfiguration;
			buildSettings = {
				ALWAYS_SEARCH_USER_PATHS = NO;
				CLANG_ANALYZER_NONNULL = YES;
				CLANG_ANALYZER_NUMBER_OBJECT_CONVERSION = YES_AGGRESSIVE;
				CLANG_CXX_LANGUAGE_STANDARD = "gnu++20";
				CLANG_ENABLE_MODULES = YES;
				CLANG_ENABLE_OBJC_ARC = YES;
				CLANG_ENABLE_OBJC_WEAK = YES;
				CLANG_WARN_BLOCK_CAPTURE_AUTORELEASING = YES;
				CLANG_WARN_BOOL_CONVERSION = YES;
				CLANG_WARN_COMMA = YES;
				CLANG_WARN_CONSTANT_CONVERSION = YES;
				CLANG_WARN_DEPRECATED_OBJC_IMPLEMENTATIONS = YES;
				CLANG_WARN_DIRECT_OBJC_ISA_USAGE = YES_ERROR;
				CLANG_WARN_DOCUMENTATION_COMMENTS = YES;
				CLANG_WARN_EMPTY_BODY = YES;
				CLANG_WARN_ENUM_CONVERSION = YES;
				CLANG_WARN_INFINITE_RECURSION = YES;
				CLANG_WARN_INT_CONVERSION = YES;
				CLANG_WARN_NON_LITERAL_NULL_CONVERSION = YES;
				CLANG_WARN_OBJC_IMPLICIT_RETAIN_SELF = YES;
				CLANG_WARN_OBJC_LITERAL_CONVERSION = YES;
				CLANG_WARN_OBJC_ROOT_CLASS = YES_ERROR;
				CLANG_WARN_QUOTED_INCLUDE_IN_FRAMEWORK_HEADER = YES;
				CLANG_WARN_RANGE_LOOP_ANALYSIS = YES;
				CLANG_WARN_STRICT_PROTOTYPES = YES;
				CLANG_WARN_SUSPICIOUS_MOVE = YES;
				CLANG_WARN_UNGUARDED_AVAILABILITY = YES_AGGRESSIVE;
				CLANG_WARN_UNREACHABLE_CODE = YES;
				CLANG_WARN__DUPLICATE_METHOD_MATCH = YES;
				COPY_PHASE_STRIP = NO;
				DEBUG_INFORMATION_FORMAT = dwarf;
				ENABLE_STRICT_OBJC_MSGSEND = YES;
				ENABLE_TESTABILITY = YES;
				GCC_C_LANGUAGE_STANDARD = gnu11;
				GCC_DYNAMIC_NO_PIC = NO;
				GCC_NO_COMMON_BLOCKS = YES;
				GCC_OPTIMIZATION_LEVEL = 0;
				GCC_PREPROCESSOR_DEFINITIONS = (
					"DEBUG=1",
					"$(inherited)",
				);
				GCC_WARN_64_TO_32_BIT_CONVERSION = YES;
				GCC_WARN_ABOUT_RETURN_TYPE = YES_ERROR;
				GCC_WARN_UNDECLARED_SELECTOR = YES;
				GCC_WARN_UNINITIALIZED_AUTOS = YES_AGGRESSIVE;
				GCC_WARN_UNUSED_FUNCTION = YES;
				GCC_WARN_UNUSED_VARIABLE = YES;
				IPHONEOS_DEPLOYMENT_TARGET = 16.2;
				MTL_ENABLE_DEBUG_INFO = INCLUDE_SOURCE;
				MTL_FAST_MATH = YES;
				ONLY_ACTIVE_ARCH = YES;
				SDKROOT = iphoneos;
				SWIFT_ACTIVE_COMPILATION_CONDITIONS = DEBUG;
				SWIFT_OPTIMIZATION_LEVEL = "-Onone";
			};
			name = Debug;
		};
		15E600A22964562300FBC401 /* Release */ = {
			isa = XCBuildConfiguration;
			buildSettings = {
				ALWAYS_SEARCH_USER_PATHS = NO;
				CLANG_ANALYZER_NONNULL = YES;
				CLANG_ANALYZER_NUMBER_OBJECT_CONVERSION = YES_AGGRESSIVE;
				CLANG_CXX_LANGUAGE_STANDARD = "gnu++20";
				CLANG_ENABLE_MODULES = YES;
				CLANG_ENABLE_OBJC_ARC = YES;
				CLANG_ENABLE_OBJC_WEAK = YES;
				CLANG_WARN_BLOCK_CAPTURE_AUTORELEASING = YES;
				CLANG_WARN_BOOL_CONVERSION = YES;
				CLANG_WARN_COMMA = YES;
				CLANG_WARN_CONSTANT_CONVERSION = YES;
				CLANG_WARN_DEPRECATED_OBJC_IMPLEMENTATIONS = YES;
				CLANG_WARN_DIRECT_OBJC_ISA_USAGE = YES_ERROR;
				CLANG_WARN_DOCUMENTATION_COMMENTS = YES;
				CLANG_WARN_EMPTY_BODY = YES;
				CLANG_WARN_ENUM_CONVERSION = YES;
				CLANG_WARN_INFINITE_RECURSION = YES;
				CLANG_WARN_INT_CONVERSION = YES;
				CLANG_WARN_NON_LITERAL_NULL_CONVERSION = YES;
				CLANG_WARN_OBJC_IMPLICIT_RETAIN_SELF = YES;
				CLANG_WARN_OBJC_LITERAL_CONVERSION = YES;
				CLANG_WARN_OBJC_ROOT_CLASS = YES_ERROR;
				CLANG_WARN_QUOTED_INCLUDE_IN_FRAMEWORK_HEADER = YES;
				CLANG_WARN_RANGE_LOOP_ANALYSIS = YES;
				CLANG_WARN_STRICT_PROTOTYPES = YES;
				CLANG_WARN_SUSPICIOUS_MOVE = YES;
				CLANG_WARN_UNGUARDED_AVAILABILITY = YES_AGGRESSIVE;
				CLANG_WARN_UNREACHABLE_CODE = YES;
				CLANG_WARN__DUPLICATE_METHOD_MATCH = YES;
				COPY_PHASE_STRIP = NO;
				DEBUG_INFORMATION_FORMAT = "dwarf-with-dsym";
				ENABLE_NS_ASSERTIONS = NO;
				ENABLE_STRICT_OBJC_MSGSEND = YES;
				GCC_C_LANGUAGE_STANDARD = gnu11;
				GCC_NO_COMMON_BLOCKS = YES;
				GCC_WARN_64_TO_32_BIT_CONVERSION = YES;
				GCC_WARN_ABOUT_RETURN_TYPE = YES_ERROR;
				GCC_WARN_UNDECLARED_SELECTOR = YES;
				GCC_WARN_UNINITIALIZED_AUTOS = YES_AGGRESSIVE;
				GCC_WARN_UNUSED_FUNCTION = YES;
				GCC_WARN_UNUSED_VARIABLE = YES;
				IPHONEOS_DEPLOYMENT_TARGET = 16.2;
				MTL_ENABLE_DEBUG_INFO = NO;
				MTL_FAST_MATH = YES;
				SDKROOT = iphoneos;
				SWIFT_COMPILATION_MODE = wholemodule;
				SWIFT_OPTIMIZATION_LEVEL = "-O";
				VALIDATE_PRODUCT = YES;
			};
			name = Release;
		};
		15E600A42964562300FBC401 /* Debug */ = {
			isa = XCBuildConfiguration;
			buildSettings = {
				ASSETCATALOG_COMPILER_APPICON_NAME = AppIcon;
				ASSETCATALOG_COMPILER_GLOBAL_ACCENT_COLOR_NAME = AccentColor;
				CODE_SIGN_STYLE = Automatic;
				CURRENT_PROJECT_VERSION = 1;
				DEVELOPMENT_ASSET_PATHS = "\"PdfReader/Preview Content\"";
				DEVELOPMENT_TEAM = BMC43J69VA;
				ENABLE_PREVIEWS = YES;
				GENERATE_INFOPLIST_FILE = YES;
				INFOPLIST_KEY_UIApplicationSceneManifest_Generation = YES;
				INFOPLIST_KEY_UIApplicationSupportsIndirectInputEvents = YES;
				INFOPLIST_KEY_UILaunchScreen_Generation = YES;
				INFOPLIST_KEY_UISupportedInterfaceOrientations_iPad = "UIInterfaceOrientationPortrait UIInterfaceOrientationPortraitUpsideDown UIInterfaceOrientationLandscapeLeft UIInterfaceOrientationLandscapeRight";
				INFOPLIST_KEY_UISupportedInterfaceOrientations_iPhone = "UIInterfaceOrientationPortrait UIInterfaceOrientationLandscapeLeft UIInterfaceOrientationLandscapeRight";
				LD_RUNPATH_SEARCH_PATHS = (
					"$(inherited)",
					"@executable_path/Frameworks",
				);
				MARKETING_VERSION = 1.0;
				PRODUCT_BUNDLE_IDENTIFIER = com.ourcoders.PdfReader;
				PRODUCT_NAME = "$(TARGET_NAME)";
				SWIFT_EMIT_LOC_STRINGS = YES;
				SWIFT_VERSION = 5.0;
				TARGETED_DEVICE_FAMILY = "1,2";
			};
			name = Debug;
		};
		15E600A52964562300FBC401 /* Release */ = {
			isa = XCBuildConfiguration;
			buildSettings = {
				ASSETCATALOG_COMPILER_APPICON_NAME = AppIcon;
				ASSETCATALOG_COMPILER_GLOBAL_ACCENT_COLOR_NAME = AccentColor;
				CODE_SIGN_STYLE = Automatic;
				CURRENT_PROJECT_VERSION = 1;
				DEVELOPMENT_ASSET_PATHS = "\"PdfReader/Preview Content\"";
				DEVELOPMENT_TEAM = BMC43J69VA;
				ENABLE_PREVIEWS = YES;
				GENERATE_INFOPLIST_FILE = YES;
				INFOPLIST_KEY_UIApplicationSceneManifest_Generation = YES;
				INFOPLIST_KEY_UIApplicationSupportsIndirectInputEvents = YES;
				INFOPLIST_KEY_UILaunchScreen_Generation = YES;
				INFOPLIST_KEY_UISupportedInterfaceOrientations_iPad = "UIInterfaceOrientationPortrait UIInterfaceOrientationPortraitUpsideDown UIInterfaceOrientationLandscapeLeft UIInterfaceOrientationLandscapeRight";
				INFOPLIST_KEY_UISupportedInterfaceOrientations_iPhone = "UIInterfaceOrientationPortrait UIInterfaceOrientationLandscapeLeft UIInterfaceOrientationLandscapeRight";
				LD_RUNPATH_SEARCH_PATHS = (
					"$(inherited)",
					"@executable_path/Frameworks",
				);
				MARKETING_VERSION = 1.0;
				PRODUCT_BUNDLE_IDENTIFIER = com.ourcoders.PdfReader;
				PRODUCT_NAME = "$(TARGET_NAME)";
				SWIFT_EMIT_LOC_STRINGS = YES;
				SWIFT_VERSION = 5.0;
				TARGETED_DEVICE_FAMILY = "1,2";
			};
			name = Release;
		};
		15E600A72964562300FBC401 /* Debug */ = {
			isa = XCBuildConfiguration;
			buildSettings = {
				ALWAYS_EMBED_SWIFT_STANDARD_LIBRARIES = YES;
				BUNDLE_LOADER = "$(TEST_HOST)";
				CODE_SIGN_STYLE = Automatic;
				CURRENT_PROJECT_VERSION = 1;
				DEVELOPMENT_TEAM = BMC43J69VA;
				GENERATE_INFOPLIST_FILE = YES;
				IPHONEOS_DEPLOYMENT_TARGET = 16.2;
				MARKETING_VERSION = 1.0;
				PRODUCT_BUNDLE_IDENTIFIER = com.ourcoders.PdfReaderTests;
				PRODUCT_NAME = "$(TARGET_NAME)";
				SWIFT_EMIT_LOC_STRINGS = NO;
				SWIFT_VERSION = 5.0;
				TARGETED_DEVICE_FAMILY = "1,2";
				TEST_HOST = "$(BUILT_PRODUCTS_DIR)/PdfReader.app/$(BUNDLE_EXECUTABLE_FOLDER_PATH)/PdfReader";
			};
			name = Debug;
		};
		15E600A82964562300FBC401 /* Release */ = {
			isa = XCBuildConfiguration;
			buildSettings = {
				ALWAYS_EMBED_SWIFT_STANDARD_LIBRARIES = YES;
				BUNDLE_LOADER = "$(TEST_HOST)";
				CODE_SIGN_STYLE = Automatic;
				CURRENT_PROJECT_VERSION = 1;
				DEVELOPMENT_TEAM = BMC43J69VA;
				GENERATE_INFOPLIST_FILE = YES;
				IPHONEOS_DEPLOYMENT_TARGET = 16.2;
				MARKETING_VERSION = 1.0;
				PRODUCT_BUNDLE_IDENTIFIER = com.ourcoders.PdfReaderTests;
				PRODUCT_NAME = "$(TARGET_NAME)";
				SWIFT_EMIT_LOC_STRINGS = NO;
				SWIFT_VERSION = 5.0;
				TARGETED_DEVICE_FAMILY = "1,2";
				TEST_HOST = "$(BUILT_PRODUCTS_DIR)/PdfReader.app/$(BUNDLE_EXECUTABLE_FOLDER_PATH)/PdfReader";
			};
			name = Release;
		};
		15E600AA2964562300FBC401 /* Debug */ = {
			isa = XCBuildConfiguration;
			buildSettings = {
				ALWAYS_EMBED_SWIFT_STANDARD_LIBRARIES = YES;
				CODE_SIGN_STYLE = Automatic;
				CURRENT_PROJECT_VERSION = 1;
				DEVELOPMENT_TEAM = BMC43J69VA;
				GENERATE_INFOPLIST_FILE = YES;
				MARKETING_VERSION = 1.0;
				PRODUCT_BUNDLE_IDENTIFIER = com.ourcoders.PdfReaderUITests;
				PRODUCT_NAME = "$(TARGET_NAME)";
				SWIFT_EMIT_LOC_STRINGS = NO;
				SWIFT_VERSION = 5.0;
				TARGETED_DEVICE_FAMILY = "1,2";
				TEST_TARGET_NAME = PdfReader;
			};
			name = Debug;
		};
		15E600AB2964562300FBC401 /* Release */ = {
			isa = XCBuildConfiguration;
			buildSettings = {
				ALWAYS_EMBED_SWIFT_STANDARD_LIBRARIES = YES;
				CODE_SIGN_STYLE = Automatic;
				CURRENT_PROJECT_VERSION = 1;
				DEVELOPMENT_TEAM = BMC43J69VA;
				GENERATE_INFOPLIST_FILE = YES;
				MARKETING_VERSION = 1.0;
				PRODUCT_BUNDLE_IDENTIFIER = com.ourcoders.PdfReaderUITests;
				PRODUCT_NAME = "$(TARGET_NAME)";
				SWIFT_EMIT_LOC_STRINGS = NO;
				SWIFT_VERSION = 5.0;
				TARGETED_DEVICE_FAMILY = "1,2";
				TEST_TARGET_NAME = PdfReader;
			};
			name = Release;
		};
/* End XCBuildConfiguration section */

/* Begin XCConfigurationList section */
		15E6007A2964562200FBC401 /* Build configuration list for PBXProject "PdfReader" */ = {
			isa = XCConfigurationList;
			buildConfigurations = (
				15E600A12964562300FBC401 /* Debug */,
				15E600A22964562300FBC401 /* Release */,
			);
			defaultConfigurationIsVisible = 0;
			defaultConfigurationName = Release;
		};
		15E600A32964562300FBC401 /* Build configuration list for PBXNativeTarget "PdfReader" */ = {
			isa = XCConfigurationList;
			buildConfigurations = (
				15E600A42964562300FBC401 /* Debug */,
				15E600A52964562300FBC401 /* Release */,
			);
			defaultConfigurationIsVisible = 0;
			defaultConfigurationName = Release;
		};
		15E600A62964562300FBC401 /* Build configuration list for PBXNativeTarget "PdfReaderTests" */ = {
			isa = XCConfigurationList;
			buildConfigurations = (
				15E600A72964562300FBC401 /* Debug */,
				15E600A82964562300FBC401 /* Release */,
			);
			defaultConfigurationIsVisible = 0;
			defaultConfigurationName = Release;
		};
		15E600A92964562300FBC401 /* Build configuration list for PBXNativeTarget "PdfReaderUITests" */ = {
			isa = XCConfigurationList;
			buildConfigurations = (
				15E600AA2964562300FBC401 /* Debug */,
				15E600AB2964562300FBC401 /* Release */,
			);
			defaultConfigurationIsVisible = 0;
			defaultConfigurationName = Release;
		};
/* End XCConfigurationList section */
	};
	rootObject = 15E600772964562200FBC401 /* Project object */;
}
